# This file is automatically generated - do not edit it directly.
# Use https://weblate.rob006.net/projects/flarum/fof-spamblock/id/ for translation.
# You can read more about the process at https://github.com/rob006-software/flarum-translations/wiki.

fof-spamblock:
  admin:
    permissions:
      spamblock_users_label: 'Menandai pengguna sebagai pengirim spam'
  forum:
    user_controls:
      spammer_button: Spammer
      spammer_confirmation: "Apakah Anda yakin ingin\n• Menyembunyikan semua diskusi & post \n• [flarum/suspend] Menangguhkan pengguna"
