# This file is automatically generated - do not edit it directly.
# Use https://weblate.rob006.net/projects/flarum/litalino-adblock/id/ for translation.
# You can read more about the process at https://github.com/rob006-software/flarum-translations/wiki.

adblock:
  admin:
    adblock-alt: Alt
    adblock-img: Img
    adblock-img-placeholder: 'https://domain/picture.png'
    adblock-url: Url
    adblock-url-placeholder: 'https://domain'
